
Microsoft Visual Studio Solution File, Format Version 12.00
# Visual Studio Version 17
VisualStudioVersion = 17.3.32929.385
MinimumVisualStudioVersion = 10.0.40219.1
Project("{2150E333-8FDC-42A3-9474-1A3956D46DE8}") = "src", "src", "{2EDCA3D1-E2BA-4C08-B77C-D8D5AE1E3673}"
EndProject
Project("{2150E333-8FDC-42A3-9474-1A3956D46DE8}") = "0 - Building Blocks", "0 - Building Blocks", "{E6B96F5A-637C-41E2-B8F1-550E119CABD0}"
EndProject
Project("{2150E333-8FDC-42A3-9474-1A3956D46DE8}") = "1 - Presentation", "1 - Presentation", "{CEA68FF2-9E98-4E33-87E8-24F32FC3A4CF}"
EndProject
Project("{2150E333-8FDC-42A3-9474-1A3956D46DE8}") = "2 - Services", "2 - Services", "{59C9938F-71EB-4EF9-A8F2-C925E54CC090}"
EndProject
Project("{2150E333-8FDC-42A3-9474-1A3956D46DE8}") = "3 - Application", "3 - Application", "{D612D38A-3045-4B04-8030-9B151907F19C}"
EndProject
Project("{2150E333-8FDC-42A3-9474-1A3956D46DE8}") = "4 - Domain", "4 - Domain", "{27C2906E-8F51-47AB-AD5B-D842A1535252}"
EndProject
Project("{2150E333-8FDC-42A3-9474-1A3956D46DE8}") = "5 - Infra", "5 - Infra", "{41A7B35B-A8A2-4275-9923-A22E32B933A9}"
EndProject
Project("{2150E333-8FDC-42A3-9474-1A3956D46DE8}") = "6 - Test", "6 - Test", "{C327FDCE-5604-4E79-9E82-D3EF155434F8}"
EndProject
Project("{9A19103F-16F7-4668-BE54-9A1E7A4F7556}") = "XStore.Domain", "src\XStore.Domain\XStore.Domain.csproj", "{C5860753-9AC6-4300-84A5-831969CAAF5A}"
EndProject
Project("{9A19103F-16F7-4668-BE54-9A1E7A4F7556}") = "XStore.Core", "src\XStore.Core\XStore.Core.csproj", "{D390E413-53D2-4C25-93E6-82541B45CCCB}"
EndProject
Project("{2150E333-8FDC-42A3-9474-1A3956D46DE8}") = "Scripts", "Scripts", "{608817CA-8D22-472C-9005-51D2FE8C2053}"
EndProject
Project("{9A19103F-16F7-4668-BE54-9A1E7A4F7556}") = "XStore.Infra.Data", "src\XStore.Infra.Data\XStore.Infra.Data.csproj", "{420579AD-69D4-4F09-8A20-D9DB974249A5}"
EndProject
Project("{9A19103F-16F7-4668-BE54-9A1E7A4F7556}") = "XStore.Domain.Shared", "src\XStore.Domain.Shared\XStore.Domain.Shared.csproj", "{E3287A7C-237D-4D50-96F6-AF4535B0CBDD}"
EndProject
Project("{9A19103F-16F7-4668-BE54-9A1E7A4F7556}") = "XStore.Infra.CrossCutting.IoC", "src\XStore.Infra.CrossCutting.IoC\XStore.Infra.CrossCutting.IoC.csproj", "{19AD1635-6A84-4174-BE53-A1CA96AFBB92}"
EndProject
Project("{9A19103F-16F7-4668-BE54-9A1E7A4F7556}") = "XStore.Application", "src\XStore.Application\XStore.Application.csproj", "{614A7254-4AAF-4D1F-93BD-AE652EE3090B}"
EndProject
Project("{FAE04EC0-301F-11D3-BF4B-00C04F79EFBC}") = "XStore.API", "src\XStore.API\XStore.API.csproj", "{35F552B3-FD44-49B3-B751-4807D7D774B9}"
EndProject
Global
	GlobalSection(SolutionConfigurationPlatforms) = preSolution
		Debug|Any CPU = Debug|Any CPU
		Release|Any CPU = Release|Any CPU
	EndGlobalSection
	GlobalSection(ProjectConfigurationPlatforms) = postSolution
		{C5860753-9AC6-4300-84A5-831969CAAF5A}.Debug|Any CPU.ActiveCfg = Debug|Any CPU
		{C5860753-9AC6-4300-84A5-831969CAAF5A}.Debug|Any CPU.Build.0 = Debug|Any CPU
		{C5860753-9AC6-4300-84A5-831969CAAF5A}.Release|Any CPU.ActiveCfg = Release|Any CPU
		{C5860753-9AC6-4300-84A5-831969CAAF5A}.Release|Any CPU.Build.0 = Release|Any CPU
		{D390E413-53D2-4C25-93E6-82541B45CCCB}.Debug|Any CPU.ActiveCfg = Debug|Any CPU
		{D390E413-53D2-4C25-93E6-82541B45CCCB}.Debug|Any CPU.Build.0 = Debug|Any CPU
		{D390E413-53D2-4C25-93E6-82541B45CCCB}.Release|Any CPU.ActiveCfg = Release|Any CPU
		{D390E413-53D2-4C25-93E6-82541B45CCCB}.Release|Any CPU.Build.0 = Release|Any CPU
		{420579AD-69D4-4F09-8A20-D9DB974249A5}.Debug|Any CPU.ActiveCfg = Debug|Any CPU
		{420579AD-69D4-4F09-8A20-D9DB974249A5}.Debug|Any CPU.Build.0 = Debug|Any CPU
		{420579AD-69D4-4F09-8A20-D9DB974249A5}.Release|Any CPU.ActiveCfg = Release|Any CPU
		{420579AD-69D4-4F09-8A20-D9DB974249A5}.Release|Any CPU.Build.0 = Release|Any CPU
		{E3287A7C-237D-4D50-96F6-AF4535B0CBDD}.Debug|Any CPU.ActiveCfg = Debug|Any CPU
		{E3287A7C-237D-4D50-96F6-AF4535B0CBDD}.Debug|Any CPU.Build.0 = Debug|Any CPU
		{E3287A7C-237D-4D50-96F6-AF4535B0CBDD}.Release|Any CPU.ActiveCfg = Release|Any CPU
		{E3287A7C-237D-4D50-96F6-AF4535B0CBDD}.Release|Any CPU.Build.0 = Release|Any CPU
		{19AD1635-6A84-4174-BE53-A1CA96AFBB92}.Debug|Any CPU.ActiveCfg = Debug|Any CPU
		{19AD1635-6A84-4174-BE53-A1CA96AFBB92}.Debug|Any CPU.Build.0 = Debug|Any CPU
		{19AD1635-6A84-4174-BE53-A1CA96AFBB92}.Release|Any CPU.ActiveCfg = Release|Any CPU
		{19AD1635-6A84-4174-BE53-A1CA96AFBB92}.Release|Any CPU.Build.0 = Release|Any CPU
		{614A7254-4AAF-4D1F-93BD-AE652EE3090B}.Debug|Any CPU.ActiveCfg = Debug|Any CPU
		{614A7254-4AAF-4D1F-93BD-AE652EE3090B}.Debug|Any CPU.Build.0 = Debug|Any CPU
		{614A7254-4AAF-4D1F-93BD-AE652EE3090B}.Release|Any CPU.ActiveCfg = Release|Any CPU
		{614A7254-4AAF-4D1F-93BD-AE652EE3090B}.Release|Any CPU.Build.0 = Release|Any CPU
		{35F552B3-FD44-49B3-B751-4807D7D774B9}.Debug|Any CPU.ActiveCfg = Debug|Any CPU
		{35F552B3-FD44-49B3-B751-4807D7D774B9}.Debug|Any CPU.Build.0 = Debug|Any CPU
		{35F552B3-FD44-49B3-B751-4807D7D774B9}.Release|Any CPU.ActiveCfg = Release|Any CPU
		{35F552B3-FD44-49B3-B751-4807D7D774B9}.Release|Any CPU.Build.0 = Release|Any CPU
	EndGlobalSection
	GlobalSection(SolutionProperties) = preSolution
		HideSolutionNode = FALSE
	EndGlobalSection
	GlobalSection(NestedProjects) = preSolution
		{E6B96F5A-637C-41E2-B8F1-550E119CABD0} = {2EDCA3D1-E2BA-4C08-B77C-D8D5AE1E3673}
		{CEA68FF2-9E98-4E33-87E8-24F32FC3A4CF} = {2EDCA3D1-E2BA-4C08-B77C-D8D5AE1E3673}
		{59C9938F-71EB-4EF9-A8F2-C925E54CC090} = {2EDCA3D1-E2BA-4C08-B77C-D8D5AE1E3673}
		{D612D38A-3045-4B04-8030-9B151907F19C} = {2EDCA3D1-E2BA-4C08-B77C-D8D5AE1E3673}
		{27C2906E-8F51-47AB-AD5B-D842A1535252} = {2EDCA3D1-E2BA-4C08-B77C-D8D5AE1E3673}
		{41A7B35B-A8A2-4275-9923-A22E32B933A9} = {2EDCA3D1-E2BA-4C08-B77C-D8D5AE1E3673}
		{C327FDCE-5604-4E79-9E82-D3EF155434F8} = {2EDCA3D1-E2BA-4C08-B77C-D8D5AE1E3673}
		{C5860753-9AC6-4300-84A5-831969CAAF5A} = {27C2906E-8F51-47AB-AD5B-D842A1535252}
		{D390E413-53D2-4C25-93E6-82541B45CCCB} = {E6B96F5A-637C-41E2-B8F1-550E119CABD0}
		{420579AD-69D4-4F09-8A20-D9DB974249A5} = {41A7B35B-A8A2-4275-9923-A22E32B933A9}
		{E3287A7C-237D-4D50-96F6-AF4535B0CBDD} = {27C2906E-8F51-47AB-AD5B-D842A1535252}
		{19AD1635-6A84-4174-BE53-A1CA96AFBB92} = {41A7B35B-A8A2-4275-9923-A22E32B933A9}
		{614A7254-4AAF-4D1F-93BD-AE652EE3090B} = {D612D38A-3045-4B04-8030-9B151907F19C}
		{35F552B3-FD44-49B3-B751-4807D7D774B9} = {59C9938F-71EB-4EF9-A8F2-C925E54CC090}
	EndGlobalSection
	GlobalSection(ExtensibilityGlobals) = postSolution
		SolutionGuid = {FFA8C4C3-B273-48B3-824D-EA140AAF6165}
	EndGlobalSection
EndGlobal
